
Microsoft Visual Studio Solution File, Format Version 12.00
# Visual Studio Version 17
VisualStudioVersion = 17.7.34221.43
MinimumVisualStudioVersion = 10.0.40219.1
Project("{FAE04EC0-301F-11D3-BF4B-00C04F79EFBC}") = "ASP.NET Core Web App", "ASP.NET Core Web App\ASP.NET Core Web App.csproj", "{47A76487-A177-48E7-AA03-A446B5CC71E2}"
EndProject
Global
	GlobalSection(SolutionConfigurationPlatforms) = preSolution
		Debug|Any CPU = Debug|Any CPU
		Release|Any CPU = Release|Any CPU
	EndGlobalSection
	GlobalSection(ProjectConfigurationPlatforms) = postSolution
		{47A76487-A177-48E7-AA03-A446B5CC71E2}.Debug|Any CPU.ActiveCfg = Debug|Any CPU
		{47A76487-A177-48E7-AA03-A446B5CC71E2}.Debug|Any CPU.Build.0 = Debug|Any CPU
		{47A76487-A177-48E7-AA03-A446B5CC71E2}.Release|Any CPU.ActiveCfg = Release|Any CPU
		{47A76487-A177-48E7-AA03-A446B5CC71E2}.Release|Any CPU.Build.0 = Release|Any CPU
	EndGlobalSection
	GlobalSection(SolutionProperties) = preSolution
		HideSolutionNode = FALSE
	EndGlobalSection
	GlobalSection(ExtensibilityGlobals) = postSolution
		SolutionGuid = {74B25314-F1AE-42D0-8548-2DD99F4BF16A}
	EndGlobalSection
EndGlobal
